// !$*UTF8*$!
{
	archiveVersion = 1;
	classes = {
	};
	objectVersion = 46;
	objects = {

/* Begin PBXBuildFile section */
		AC6C6DF31ACC2328005F274A /* Settings.bundle in Resources */ = {isa = PBXBuildFile; fileRef = AC6C6DF21ACC2328005F274A /* Settings.bundle */; };
		AC6C6DF51ACC274E005F274A /* Dropbox.framework in Frameworks */ = {isa = PBXBuildFile; fileRef = AC6C6DF41ACC274E005F274A /* Dropbox.framework */; };
		AC6C6DF71ACC2767005F274A /* CFNetwork.framework in Frameworks */ = {isa = PBXBuildFile; fileRef = AC6C6DF61ACC2767005F274A /* CFNetwork.framework */; };
		AC6C6DF91ACC2784005F274A /* Security.framework in Frameworks */ = {isa = PBXBuildFile; fileRef = AC6C6DF81ACC2784005F274A /* Security.framework */; };
		AC6C6DFB1ACC2791005F274A /* SystemConfiguration.framework in Frameworks */ = {isa = PBXBuildFile; fileRef = AC6C6DFA1ACC2791005F274A /* SystemConfiguration.framework */; };
		AC6C6DFD1ACC27AE005F274A /* QuartzCore.framework in Frameworks */ = {isa = PBXBuildFile; fileRef = AC6C6DFC1ACC27AE005F274A /* QuartzCore.framework */; };
		AC6C6DFF1ACC27CE005F274A /* libc++.dylib in Frameworks */ = {isa = PBXBuildFile; fileRef = AC6C6DFE1ACC27CE005F274A /* libc++.dylib */; };
		AC6C6E011ACC27EB005F274A /* libz.dylib in Frameworks */ = {isa = PBXBuildFile; fileRef = AC6C6E001ACC27EB005F274A /* libz.dylib */; };
		AC6C6E061ACC33C9005F274A /* Post.m in Sources */ = {isa = PBXBuildFile; fileRef = AC6C6E051ACC33C9005F274A /* Post.m */; };
		AC6C6E091ACC5401005F274A /* AppSingleton.m in Sources */ = {isa = PBXBuildFile; fileRef = AC6C6E081ACC5401005F274A /* AppSingleton.m */; };
		ACDC50DE1ACAA1620034F9A1 /* main.m in Sources */ = {isa = PBXBuildFile; fileRef = ACDC50DD1ACAA1620034F9A1 /* main.m */; };
		ACDC50E11ACAA1620034F9A1 /* AppDelegate.m in Sources */ = {isa = PBXBuildFile; fileRef = ACDC50E01ACAA1620034F9A1 /* AppDelegate.m */; };
		ACDC50E41ACAA1620034F9A1 /* ViewController.m in Sources */ = {isa = PBXBuildFile; fileRef = ACDC50E31ACAA1620034F9A1 /* ViewController.m */; };
		ACDC50E71ACAA1620034F9A1 /* Main.storyboard in Resources */ = {isa = PBXBuildFile; fileRef = ACDC50E51ACAA1620034F9A1 /* Main.storyboard */; };
		ACDC50E91ACAA1620034F9A1 /* Images.xcassets in Resources */ = {isa = PBXBuildFile; fileRef = ACDC50E81ACAA1620034F9A1 /* Images.xcassets */; };
		ACDC50EC1ACAA1620034F9A1 /* LaunchScreen.xib in Resources */ = {isa = PBXBuildFile; fileRef = ACDC50EA1ACAA1620034F9A1 /* LaunchScreen.xib */; };
		ACDC50F81ACAA1620034F9A1 /* MyLifeTests.m in Sources */ = {isa = PBXBuildFile; fileRef = ACDC50F71ACAA1620034F9A1 /* MyLifeTests.m */; };
		ACDC51041ACAE3B00034F9A1 /* DBHandler.m in Sources */ = {isa = PBXBuildFile; fileRef = ACDC51031ACAE3B00034F9A1 /* DBHandler.m */; };
		ACDC51071ACAE4F80034F9A1 /* libsqlite3.dylib in Frameworks */ = {isa = PBXBuildFile; fileRef = ACDC51061ACAE4F80034F9A1 /* libsqlite3.dylib */; };
/* End PBXBuildFile section */

/* Begin PBXContainerItemProxy section */
		ACDC50F21ACAA1620034F9A1 /* PBXContainerItemProxy */ = {
			isa = PBXContainerItemProxy;
			containerPortal = ACDC50D01ACAA1620034F9A1 /* Project object */;
			proxyType = 1;
			remoteGlobalIDString = ACDC50D71ACAA1620034F9A1;
			remoteInfo = MyLife;
		};
/* End PBXContainerItemProxy section */

/* Begin PBXFileReference section */
		AC6C6DF21ACC2328005F274A /* Settings.bundle */ = {isa = PBXFileReference; lastKnownFileType = "wrapper.plug-in"; path = Settings.bundle; sourceTree = "<group>"; };
		AC6C6DF41ACC274E005F274A /* Dropbox.framework */ = {isa = PBXFileReference; lastKnownFileType = wrapper.framework; name = Dropbox.framework; path = "../../Downloads/dropbox-ios-sync-sdk-3.1.2/Dropbox.framework"; sourceTree = "<group>"; };
		AC6C6DF61ACC2767005F274A /* CFNetwork.framework */ = {isa = PBXFileReference; lastKnownFileType = wrapper.framework; name = CFNetwork.framework; path = System/Library/Frameworks/CFNetwork.framework; sourceTree = SDKROOT; };
		AC6C6DF81ACC2784005F274A /* Security.framework */ = {isa = PBXFileReference; lastKnownFileType = wrapper.framework; name = Security.framework; path = System/Library/Frameworks/Security.framework; sourceTree = SDKROOT; };
		AC6C6DFA1ACC2791005F274A /* SystemConfiguration.framework */ = {isa = PBXFileReference; lastKnownFileType = wrapper.framework; name = SystemConfiguration.framework; path = System/Library/Frameworks/SystemConfiguration.framework; sourceTree = SDKROOT; };
		AC6C6DFC1ACC27AE005F274A /* QuartzCore.framework */ = {isa = PBXFileReference; lastKnownFileType = wrapper.framework; name = QuartzCore.framework; path = System/Library/Frameworks/QuartzCore.framework; sourceTree = SDKROOT; };
		AC6C6DFE1ACC27CE005F274A /* libc++.dylib */ = {isa = PBXFileReference; lastKnownFileType = "compiled.mach-o.dylib"; name = "libc++.dylib"; path = "usr/lib/libc++.dylib"; sourceTree = SDKROOT; };
		AC6C6E001ACC27EB005F274A /* libz.dylib */ = {isa = PBXFileReference; lastKnownFileType = "compiled.mach-o.dylib"; name = libz.dylib; path = usr/lib/libz.dylib; sourceTree = SDKROOT; };
		AC6C6E021ACC2BF1005F274A /* Post.h */ = {isa = PBXFileReference; fileEncoding = 4; lastKnownFileType = sourcecode.c.h; path = Post.h; sourceTree = "<group>"; };
		AC6C6E051ACC33C9005F274A /* Post.m */ = {isa = PBXFileReference; fileEncoding = 4; lastKnownFileType = sourcecode.c.objc; path = Post.m; sourceTree = "<group>"; };
		AC6C6E071ACC5112005F274A /* AppSingleton.h */ = {isa = PBXFileReference; fileEncoding = 4; lastKnownFileType = sourcecode.c.h; path = AppSingleton.h; sourceTree = "<group>"; };
		AC6C6E081ACC5401005F274A /* AppSingleton.m */ = {isa = PBXFileReference; fileEncoding = 4; lastKnownFileType = sourcecode.c.objc; path = AppSingleton.m; sourceTree = "<group>"; };
		ACDC50D81ACAA1620034F9A1 /* MyLife.app */ = {isa = PBXFileReference; explicitFileType = wrapper.application; includeInIndex = 0; path = MyLife.app; sourceTree = BUILT_PRODUCTS_DIR; };
		ACDC50DC1ACAA1620034F9A1 /* Info.plist */ = {isa = PBXFileReference; lastKnownFileType = text.plist.xml; path = Info.plist; sourceTree = "<group>"; };
		ACDC50DD1ACAA1620034F9A1 /* main.m */ = {isa = PBXFileReference; lastKnownFileType = sourcecode.c.objc; path = main.m; sourceTree = "<group>"; };
		ACDC50DF1ACAA1620034F9A1 /* AppDelegate.h */ = {isa = PBXFileReference; lastKnownFileType = sourcecode.c.h; path = AppDelegate.h; sourceTree = "<group>"; };
		ACDC50E01ACAA1620034F9A1 /* AppDelegate.m */ = {isa = PBXFileReference; lastKnownFileType = sourcecode.c.objc; path = AppDelegate.m; sourceTree = "<group>"; };
		ACDC50E21ACAA1620034F9A1 /* ViewController.h */ = {isa = PBXFileReference; lastKnownFileType = sourcecode.c.h; path = ViewController.h; sourceTree = "<group>"; };
		ACDC50E31ACAA1620034F9A1 /* ViewController.m */ = {isa = PBXFileReference; lastKnownFileType = sourcecode.c.objc; path = ViewController.m; sourceTree = "<group>"; };
		ACDC50E61ACAA1620034F9A1 /* Base */ = {isa = PBXFileReference; lastKnownFileType = file.storyboard; name = Base; path = Base.lproj/Main.storyboard; sourceTree = "<group>"; };
		ACDC50E81ACAA1620034F9A1 /* Images.xcassets */ = {isa = PBXFileReference; lastKnownFileType = folder.assetcatalog; path = Images.xcassets; sourceTree = "<group>"; };
		ACDC50EB1ACAA1620034F9A1 /* Base */ = {isa = PBXFileReference; lastKnownFileType = file.xib; name = Base; path = Base.lproj/LaunchScreen.xib; sourceTree = "<group>"; };
		ACDC50F11ACAA1620034F9A1 /* MyLifeTests.xctest */ = {isa = PBXFileReference; explicitFileType = wrapper.cfbundle; includeInIndex = 0; path = MyLifeTests.xctest; sourceTree = BUILT_PRODUCTS_DIR; };
		ACDC50F61ACAA1620034F9A1 /* Info.plist */ = {isa = PBXFileReference; lastKnownFileType = text.plist.xml; path = Info.plist; sourceTree = "<group>"; };
		ACDC50F71ACAA1620034F9A1 /* MyLifeTests.m */ = {isa = PBXFileReference; lastKnownFileType = sourcecode.c.objc; path = MyLifeTests.m; sourceTree = "<group>"; };
		ACDC51031ACAE3B00034F9A1 /* DBHandler.m */ = {isa = PBXFileReference; fileEncoding = 4; lastKnownFileType = sourcecode.c.objc; path = DBHandler.m; sourceTree = "<group>"; };
		ACDC51051ACAE3CC0034F9A1 /* DBHandler.h */ = {isa = PBXFileReference; fileEncoding = 4; lastKnownFileType = sourcecode.c.h; path = DBHandler.h; sourceTree = "<group>"; };
		ACDC51061ACAE4F80034F9A1 /* libsqlite3.dylib */ = {isa = PBXFileReference; lastKnownFileType = "compiled.mach-o.dylib"; name = libsqlite3.dylib; path = usr/lib/libsqlite3.dylib; sourceTree = SDKROOT; };
/* End PBXFileReference section */

/* Begin PBXFrameworksBuildPhase section */
		ACDC50D51ACAA1620034F9A1 /* Frameworks */ = {
			isa = PBXFrameworksBuildPhase;
			buildActionMask = 2147483647;
			files = (
				AC6C6E011ACC27EB005F274A /* libz.dylib in Frameworks */,
				AC6C6DFF1ACC27CE005F274A /* libc++.dylib in Frameworks */,
				AC6C6DFD1ACC27AE005F274A /* QuartzCore.framework in Frameworks */,
				AC6C6DFB1ACC2791005F274A /* SystemConfiguration.framework in Frameworks */,
				AC6C6DF91ACC2784005F274A /* Security.framework in Frameworks */,
				AC6C6DF71ACC2767005F274A /* CFNetwork.framework in Frameworks */,
				ACDC51071ACAE4F80034F9A1 /* libsqlite3.dylib in Frameworks */,
				AC6C6DF51ACC274E005F274A /* Dropbox.framework in Frameworks */,
			);
			runOnlyForDeploymentPostprocessing = 0;
		};
		ACDC50EE1ACAA1620034F9A1 /* Frameworks */ = {
			isa = PBXFrameworksBuildPhase;
			buildActionMask = 2147483647;
			files = (
			);
			runOnlyForDeploymentPostprocessing = 0;
		};
/* End PBXFrameworksBuildPhase section */

/* Begin PBXGroup section */
		ACDC50CF1ACAA1620034F9A1 = {
			isa = PBXGroup;
			children = (
				AC6C6E001ACC27EB005F274A /* libz.dylib */,
				AC6C6DFE1ACC27CE005F274A /* libc++.dylib */,
				AC6C6DFC1ACC27AE005F274A /* QuartzCore.framework */,
				AC6C6DFA1ACC2791005F274A /* SystemConfiguration.framework */,
				AC6C6DF81ACC2784005F274A /* Security.framework */,
				AC6C6DF61ACC2767005F274A /* CFNetwork.framework */,
				AC6C6DF41ACC274E005F274A /* Dropbox.framework */,
				ACDC51061ACAE4F80034F9A1 /* libsqlite3.dylib */,
				ACDC50DA1ACAA1620034F9A1 /* MyLife */,
				ACDC50F41ACAA1620034F9A1 /* MyLifeTests */,
				ACDC50D91ACAA1620034F9A1 /* Products */,
			);
			sourceTree = "<group>";
		};
		ACDC50D91ACAA1620034F9A1 /* Products */ = {
			isa = PBXGroup;
			children = (
				ACDC50D81ACAA1620034F9A1 /* MyLife.app */,
				ACDC50F11ACAA1620034F9A1 /* MyLifeTests.xctest */,
			);
			name = Products;
			sourceTree = "<group>";
		};
		ACDC50DA1ACAA1620034F9A1 /* MyLife */ = {
			isa = PBXGroup;
			children = (
				ACDC50DF1ACAA1620034F9A1 /* AppDelegate.h */,
				ACDC50E01ACAA1620034F9A1 /* AppDelegate.m */,
				ACDC50E21ACAA1620034F9A1 /* ViewController.h */,
				ACDC50E31ACAA1620034F9A1 /* ViewController.m */,
				ACDC50E51ACAA1620034F9A1 /* Main.storyboard */,
				ACDC50E81ACAA1620034F9A1 /* Images.xcassets */,
				ACDC50EA1ACAA1620034F9A1 /* LaunchScreen.xib */,
				ACDC50DB1ACAA1620034F9A1 /* Supporting Files */,
				ACDC51031ACAE3B00034F9A1 /* DBHandler.m */,
				ACDC51051ACAE3CC0034F9A1 /* DBHandler.h */,
				AC6C6DF21ACC2328005F274A /* Settings.bundle */,
				AC6C6E021ACC2BF1005F274A /* Post.h */,
				AC6C6E051ACC33C9005F274A /* Post.m */,
				AC6C6E071ACC5112005F274A /* AppSingleton.h */,
				AC6C6E081ACC5401005F274A /* AppSingleton.m */,
			);
			path = MyLife;
			sourceTree = "<group>";
		};
		ACDC50DB1ACAA1620034F9A1 /* Supporting Files */ = {
			isa = PBXGroup;
			children = (
				ACDC50DC1ACAA1620034F9A1 /* Info.plist */,
				ACDC50DD1ACAA1620034F9A1 /* main.m */,
			);
			name = "Supporting Files";
			sourceTree = "<group>";
		};
		ACDC50F41ACAA1620034F9A1 /* MyLifeTests */ = {
			isa = PBXGroup;
			children = (
				ACDC50F71ACAA1620034F9A1 /* MyLifeTests.m */,
				ACDC50F51ACAA1620034F9A1 /* Supporting Files */,
			);
			path = MyLifeTests;
			sourceTree = "<group>";
		};
		ACDC50F51ACAA1620034F9A1 /* Supporting Files */ = {
			isa = PBXGroup;
			children = (
				ACDC50F61ACAA1620034F9A1 /* Info.plist */,
			);
			name = "Supporting Files";
			sourceTree = "<group>";
		};
/* End PBXGroup section */

/* Begin PBXNativeTarget section */
		ACDC50D71ACAA1620034F9A1 /* MyLife */ = {
			isa = PBXNativeTarget;
			buildConfigurationList = ACDC50FB1ACAA1620034F9A1 /* Build configuration list for PBXNativeTarget "MyLife" */;
			buildPhases = (
				ACDC50D41ACAA1620034F9A1 /* Sources */,
				ACDC50D51ACAA1620034F9A1 /* Frameworks */,
				ACDC50D61ACAA1620034F9A1 /* Resources */,
			);
			buildRules = (
			);
			dependencies = (
			);
			name = MyLife;
			productName = MyLife;
			productReference = ACDC50D81ACAA1620034F9A1 /* MyLife.app */;
			productType = "com.apple.product-type.application";
		};
		ACDC50F01ACAA1620034F9A1 /* MyLifeTests */ = {
			isa = PBXNativeTarget;
			buildConfigurationList = ACDC50FE1ACAA1620034F9A1 /* Build configuration list for PBXNativeTarget "MyLifeTests" */;
			buildPhases = (
				ACDC50ED1ACAA1620034F9A1 /* Sources */,
				ACDC50EE1ACAA1620034F9A1 /* Frameworks */,
				ACDC50EF1ACAA1620034F9A1 /* Resources */,
			);
			buildRules = (
			);
			dependencies = (
				ACDC50F31ACAA1620034F9A1 /* PBXTargetDependency */,
			);
			name = MyLifeTests;
			productName = MyLifeTests;
			productReference = ACDC50F11ACAA1620034F9A1 /* MyLifeTests.xctest */;
			productType = "com.apple.product-type.bundle.unit-test";
		};
/* End PBXNativeTarget section */

/* Begin PBXProject section */
		ACDC50D01ACAA1620034F9A1 /* Project object */ = {
			isa = PBXProject;
			attributes = {
				LastUpgradeCheck = 0620;
				ORGANIZATIONNAME = "Guillaume & Zdeněk";
				TargetAttributes = {
					ACDC50D71ACAA1620034F9A1 = {
						CreatedOnToolsVersion = 6.2;
					};
					ACDC50F01ACAA1620034F9A1 = {
						CreatedOnToolsVersion = 6.2;
						TestTargetID = ACDC50D71ACAA1620034F9A1;
					};
				};
			};
			buildConfigurationList = ACDC50D31ACAA1620034F9A1 /* Build configuration list for PBXProject "MyLife" */;
			compatibilityVersion = "Xcode 3.2";
			developmentRegion = English;
			hasScannedForEncodings = 0;
			knownRegions = (
				en,
				Base,
			);
			mainGroup = ACDC50CF1ACAA1620034F9A1;
			productRefGroup = ACDC50D91ACAA1620034F9A1 /* Products */;
			projectDirPath = "";
			projectRoot = "";
			targets = (
				ACDC50D71ACAA1620034F9A1 /* MyLife */,
				ACDC50F01ACAA1620034F9A1 /* MyLifeTests */,
			);
		};
/* End PBXProject section */

/* Begin PBXResourcesBuildPhase section */
		ACDC50D61ACAA1620034F9A1 /* Resources */ = {
			isa = PBXResourcesBuildPhase;
			buildActionMask = 2147483647;
			files = (
				AC6C6DF31ACC2328005F274A /* Settings.bundle in Resources */,
				ACDC50E71ACAA1620034F9A1 /* Main.storyboard in Resources */,
				ACDC50EC1ACAA1620034F9A1 /* LaunchScreen.xib in Resources */,
				ACDC50E91ACAA1620034F9A1 /* Images.xcassets in Resources */,
			);
			runOnlyForDeploymentPostprocessing = 0;
		};
		ACDC50EF1ACAA1620034F9A1 /* Resources */ = {
			isa = PBXResourcesBuildPhase;
			buildActionMask = 2147483647;
			files = (
			);
			runOnlyForDeploymentPostprocessing = 0;
		};
/* End PBXResourcesBuildPhase section */

/* Begin PBXSourcesBuildPhase section */
		ACDC50D41ACAA1620034F9A1 /* Sources */ = {
			isa = PBXSourcesBuildPhase;
			buildActionMask = 2147483647;
			files = (
				AC6C6E061ACC33C9005F274A /* Post.m in Sources */,
				ACDC50E41ACAA1620034F9A1 /* ViewController.m in Sources */,
				ACDC50E11ACAA1620034F9A1 /* AppDelegate.m in Sources */,
				ACDC51041ACAE3B00034F9A1 /* DBHandler.m in Sources */,
				ACDC50DE1ACAA1620034F9A1 /* main.m in Sources */,
				AC6C6E091ACC5401005F274A /* AppSingleton.m in Sources */,
			);
			runOnlyForDeploymentPostprocessing = 0;
		};
		ACDC50ED1ACAA1620034F9A1 /* Sources */ = {
			isa = PBXSourcesBuildPhase;
			buildActionMask = 2147483647;
			files = (
				ACDC50F81ACAA1620034F9A1 /* MyLifeTests.m in Sources */,
			);
			runOnlyForDeploymentPostprocessing = 0;
		};
/* End PBXSourcesBuildPhase section */

/* Begin PBXTargetDependency section */
		ACDC50F31ACAA1620034F9A1 /* PBXTargetDependency */ = {
			isa = PBXTargetDependency;
			target = ACDC50D71ACAA1620034F9A1 /* MyLife */;
			targetProxy = ACDC50F21ACAA1620034F9A1 /* PBXContainerItemProxy */;
		};
/* End PBXTargetDependency section */

/* Begin PBXVariantGroup section */
		ACDC50E51ACAA1620034F9A1 /* Main.storyboard */ = {
			isa = PBXVariantGroup;
			children = (
				ACDC50E61ACAA1620034F9A1 /* Base */,
			);
			name = Main.storyboard;
			sourceTree = "<group>";
		};
		ACDC50EA1ACAA1620034F9A1 /* LaunchScreen.xib */ = {
			isa = PBXVariantGroup;
			children = (
				ACDC50EB1ACAA1620034F9A1 /* Base */,
			);
			name = LaunchScreen.xib;
			sourceTree = "<group>";
		};
/* End PBXVariantGroup section */

/* Begin XCBuildConfiguration section */
		ACDC50F91ACAA1620034F9A1 /* Debug */ = {
			isa = XCBuildConfiguration;
			buildSettings = {
				ALWAYS_SEARCH_USER_PATHS = NO;
				CLANG_CXX_LANGUAGE_STANDARD = "gnu++0x";
				CLANG_CXX_LIBRARY = "libc++";
				CLANG_ENABLE_MODULES = YES;
				CLANG_ENABLE_OBJC_ARC = YES;
				CLANG_WARN_BOOL_CONVERSION = YES;
				CLANG_WARN_CONSTANT_CONVERSION = YES;
				CLANG_WARN_DIRECT_OBJC_ISA_USAGE = YES_ERROR;
				CLANG_WARN_EMPTY_BODY = YES;
				CLANG_WARN_ENUM_CONVERSION = YES;
				CLANG_WARN_INT_CONVERSION = YES;
				CLANG_WARN_OBJC_ROOT_CLASS = YES_ERROR;
				CLANG_WARN_UNREACHABLE_CODE = YES;
				CLANG_WARN__DUPLICATE_METHOD_MATCH = YES;
				"CODE_SIGN_IDENTITY[sdk=iphoneos*]" = "iPhone Developer";
				COPY_PHASE_STRIP = NO;
				ENABLE_STRICT_OBJC_MSGSEND = YES;
				GCC_C_LANGUAGE_STANDARD = gnu99;
				GCC_DYNAMIC_NO_PIC = NO;
				GCC_OPTIMIZATION_LEVEL = 0;
				GCC_PREPROCESSOR_DEFINITIONS = (
					"DEBUG=1",
					"$(inherited)",
				);
				GCC_SYMBOLS_PRIVATE_EXTERN = NO;
				GCC_WARN_64_TO_32_BIT_CONVERSION = YES;
				GCC_WARN_ABOUT_RETURN_TYPE = YES_ERROR;
				GCC_WARN_UNDECLARED_SELECTOR = YES;
				GCC_WARN_UNINITIALIZED_AUTOS = YES_AGGRESSIVE;
				GCC_WARN_UNUSED_FUNCTION = YES;
				GCC_WARN_UNUSED_VARIABLE = YES;
				IPHONEOS_DEPLOYMENT_TARGET = 8.2;
				MTL_ENABLE_DEBUG_INFO = YES;
				ONLY_ACTIVE_ARCH = YES;
				SDKROOT = iphoneos;
				TARGETED_DEVICE_FAMILY = "1,2";
			};
			name = Debug;
		};
		ACDC50FA1ACAA1620034F9A1 /* Release */ = {
			isa = XCBuildConfiguration;
			buildSettings = {
				ALWAYS_SEARCH_USER_PATHS = NO;
				CLANG_CXX_LANGUAGE_STANDARD = "gnu++0x";
				CLANG_CXX_LIBRARY = "libc++";
				CLANG_ENABLE_MODULES = YES;
				CLANG_ENABLE_OBJC_ARC = YES;
				CLANG_WARN_BOOL_CONVERSION = YES;
				CLANG_WARN_CONSTANT_CONVERSION = YES;
				CLANG_WARN_DIRECT_OBJC_ISA_USAGE = YES_ERROR;
				CLANG_WARN_EMPTY_BODY = YES;
				CLANG_WARN_ENUM_CONVERSION = YES;
				CLANG_WARN_INT_CONVERSION = YES;
				CLANG_WARN_OBJC_ROOT_CLASS = YES_ERROR;
				CLANG_WARN_UNREACHABLE_CODE = YES;
				CLANG_WARN__DUPLICATE_METHOD_MATCH = YES;
				"CODE_SIGN_IDENTITY[sdk=iphoneos*]" = "iPhone Developer";
				COPY_PHASE_STRIP = NO;
				ENABLE_NS_ASSERTIONS = NO;
				ENABLE_STRICT_OBJC_MSGSEND = YES;
				GCC_C_LANGUAGE_STANDARD = gnu99;
				GCC_WARN_64_TO_32_BIT_CONVERSION = YES;
				GCC_WARN_ABOUT_RETURN_TYPE = YES_ERROR;
				GCC_WARN_UNDECLARED_SELECTOR = YES;
				GCC_WARN_UNINITIALIZED_AUTOS = YES_AGGRESSIVE;
				GCC_WARN_UNUSED_FUNCTION = YES;
				GCC_WARN_UNUSED_VARIABLE = YES;
				IPHONEOS_DEPLOYMENT_TARGET = 8.2;
				MTL_ENABLE_DEBUG_INFO = NO;
				SDKROOT = iphoneos;
				TARGETED_DEVICE_FAMILY = "1,2";
				VALIDATE_PRODUCT = YES;
			};
			name = Release;
		};
		ACDC50FC1ACAA1620034F9A1 /* Debug */ = {
			isa = XCBuildConfiguration;
			buildSettings = {
				ASSETCATALOG_COMPILER_APPICON_NAME = AppIcon;
				FRAMEWORK_SEARCH_PATHS = (
					"$(inherited)",
					"/Users/Guest/Downloads/dropbox-ios-sync-sdk-3.1.2",
				);
				INFOPLIST_FILE = MyLife/Info.plist;
				IPHONEOS_DEPLOYMENT_TARGET = 8.1;
				LD_RUNPATH_SEARCH_PATHS = "$(inherited) @executable_path/Frameworks";
				PRODUCT_NAME = "$(TARGET_NAME)";
			};
			name = Debug;
		};
		ACDC50FD1ACAA1620034F9A1 /* Release */ = {
			isa = XCBuildConfiguration;
			buildSettings = {
				ASSETCATALOG_COMPILER_APPICON_NAME = AppIcon;
				FRAMEWORK_SEARCH_PATHS = (
					"$(inherited)",
					"/Users/Guest/Downloads/dropbox-ios-sync-sdk-3.1.2",
				);
				INFOPLIST_FILE = MyLife/Info.plist;
				IPHONEOS_DEPLOYMENT_TARGET = 8.1;
				LD_RUNPATH_SEARCH_PATHS = "$(inherited) @executable_path/Frameworks";
				PRODUCT_NAME = "$(TARGET_NAME)";
			};
			name = Release;
		};
		ACDC50FF1ACAA1620034F9A1 /* Debug */ = {
			isa = XCBuildConfiguration;
			buildSettings = {
				BUNDLE_LOADER = "$(TEST_HOST)";
				FRAMEWORK_SEARCH_PATHS = (
					"$(SDKROOT)/Developer/Library/Frameworks",
					"$(inherited)",
				);
				GCC_PREPROCESSOR_DEFINITIONS = (
					"DEBUG=1",
					"$(inherited)",
				);
				INFOPLIST_FILE = MyLifeTests/Info.plist;
				LD_RUNPATH_SEARCH_PATHS = "$(inherited) @executable_path/Frameworks @loader_path/Frameworks";
				PRODUCT_NAME = "$(TARGET_NAME)";
				TEST_HOST = "$(BUILT_PRODUCTS_DIR)/MyLife.app/MyLife";
			};
			name = Debug;
		};
		ACDC51001ACAA1620034F9A1 /* Release */ = {
			isa = XCBuildConfiguration;
			buildSettings = {
				BUNDLE_LOADER = "$(TEST_HOST)";
				FRAMEWORK_SEARCH_PATHS = (
					"$(SDKROOT)/Developer/Library/Frameworks",
					"$(inherited)",
				);
				INFOPLIST_FILE = MyLifeTests/Info.plist;
				LD_RUNPATH_SEARCH_PATHS = "$(inherited) @executable_path/Frameworks @loader_path/Frameworks";
				PRODUCT_NAME = "$(TARGET_NAME)";
				TEST_HOST = "$(BUILT_PRODUCTS_DIR)/MyLife.app/MyLife";
			};
			name = Release;
		};
/* End XCBuildConfiguration section */

/* Begin XCConfigurationList section */
		ACDC50D31ACAA1620034F9A1 /* Build configuration list for PBXProject "MyLife" */ = {
			isa = XCConfigurationList;
			buildConfigurations = (
				ACDC50F91ACAA1620034F9A1 /* Debug */,
				ACDC50FA1ACAA1620034F9A1 /* Release */,
			);
			defaultConfigurationIsVisible = 0;
			defaultConfigurationName = Release;
		};
		ACDC50FB1ACAA1620034F9A1 /* Build configuration list for PBXNativeTarget "MyLife" */ = {
			isa = XCConfigurationList;
			buildConfigurations = (
				ACDC50FC1ACAA1620034F9A1 /* Debug */,
				ACDC50FD1ACAA1620034F9A1 /* Release */,
			);
			defaultConfigurationIsVisible = 0;
			defaultConfigurationName = Release;
		};
		ACDC50FE1ACAA1620034F9A1 /* Build configuration list for PBXNativeTarget "MyLifeTests" */ = {
			isa = XCConfigurationList;
			buildConfigurations = (
				ACDC50FF1ACAA1620034F9A1 /* Debug */,
				ACDC51001ACAA1620034F9A1 /* Release */,
			);
			defaultConfigurationIsVisible = 0;
			defaultConfigurationName = Release;
		};
/* End XCConfigurationList section */
	};
	rootObject = ACDC50D01ACAA1620034F9A1 /* Project object */;
}
